
Microsoft Visual Studio Solution File, Format Version 12.00
# Visual Studio Version 17
VisualStudioVersion = 17.14.36915.13 d17.14
MinimumVisualStudioVersion = 10.0.40219.1
Project("{F2A71F9B-5D33-465A-A702-920D77279786}") = "Lab3-task2", "Lab3-task2\Lab3-task2.fsproj", "{96354509-CF15-4D10-A7B3-0D22D5564107}"
EndProject
Global
	GlobalSection(SolutionConfigurationPlatforms) = preSolution
		Debug|Any CPU = Debug|Any CPU
		Release|Any CPU = Release|Any CPU
	EndGlobalSection
	GlobalSection(ProjectConfigurationPlatforms) = postSolution
		{96354509-CF15-4D10-A7B3-0D22D5564107}.Debug|Any CPU.ActiveCfg = Debug|Any CPU
		{96354509-CF15-4D10-A7B3-0D22D5564107}.Debug|Any CPU.Build.0 = Debug|Any CPU
		{96354509-CF15-4D10-A7B3-0D22D5564107}.Release|Any CPU.ActiveCfg = Release|Any CPU
		{96354509-CF15-4D10-A7B3-0D22D5564107}.Release|Any CPU.Build.0 = Release|Any CPU
	EndGlobalSection
	GlobalSection(SolutionProperties) = preSolution
		HideSolutionNode = FALSE
	EndGlobalSection
	GlobalSection(ExtensibilityGlobals) = postSolution
		SolutionGuid = {99332B09-280E-4A5F-9BF9-6B8D0C181F93}
	EndGlobalSection
EndGlobal
